
Microsoft Visual Studio Solution File, Format Version 12.00
# Visual Studio Version 16
VisualStudioVersion = 16.0.29123.88
MinimumVisualStudioVersion = 10.0.40219.1
Project("{FAE04EC0-301F-11D3-BF4B-00C04F79EFBC}") = "kRPC2", "server\src\kRPC2.csproj", "{CCB17632-A89A-4EEE-8495-B0FD3D18980E}"
EndProject
Global
	GlobalSection(SolutionConfigurationPlatforms) = preSolution
		Debug|Any CPU = Debug|Any CPU
		Release|Any CPU = Release|Any CPU
	EndGlobalSection
	GlobalSection(ProjectConfigurationPlatforms) = postSolution
		{CCB17632-A89A-4EEE-8495-B0FD3D18980E}.Debug|Any CPU.ActiveCfg = Debug|Any CPU
		{CCB17632-A89A-4EEE-8495-B0FD3D18980E}.Debug|Any CPU.Build.0 = Debug|Any CPU
		{CCB17632-A89A-4EEE-8495-B0FD3D18980E}.Release|Any CPU.ActiveCfg = Release|Any CPU
		{CCB17632-A89A-4EEE-8495-B0FD3D18980E}.Release|Any CPU.Build.0 = Release|Any CPU
	EndGlobalSection
	GlobalSection(SolutionProperties) = preSolution
		HideSolutionNode = FALSE
	EndGlobalSection
	GlobalSection(ExtensibilityGlobals) = postSolution
		SolutionGuid = {DE0E7DD7-940C-4D16-ABA2-89E616837431}
	EndGlobalSection
EndGlobal
